// !$*UTF8*$!
{
	archiveVersion = 1;
	classes = {
	};
	objectVersion = 60;
	objects = {

/* Begin PBXBuildFile section */
		74214E9F2F640B6300338F5F /* MedColors.swift in Sources */ = {isa = PBXBuildFile; fileRef = 74214E822F640B6300338F5F /* MedColors.swift */; };
		74214EA02F640B6300338F5F /* MedModels.swift in Sources */ = {isa = PBXBuildFile; fileRef = 74214E842F640B6300338F5F /* MedModels.swift */; };
		74214EA12F640B6300338F5F /* Formatting.swift in Sources */ = {isa = PBXBuildFile; fileRef = 74214E862F640B6300338F5F /* Formatting.swift */; };
		74214EA22F640B6300338F5F /* MedRemindViewModel.swift in Sources */ = {isa = PBXBuildFile; fileRef = 74214E882F640B6300338F5F /* MedRemindViewModel.swift */; };
		74214EA32F640B6300338F5F /* Components.swift in Sources */ = {isa = PBXBuildFile; fileRef = 74214E8A2F640B6300338F5F /* Components.swift */; };
		74214EA42F640B6300338F5F /* HistoryView.swift in Sources */ = {isa = PBXBuildFile; fileRef = 74214E8C2F640B6300338F5F /* HistoryView.swift */; };
		74214EA52F640B6300338F5F /* HomeView.swift in Sources */ = {isa = PBXBuildFile; fileRef = 74214E8D2F640B6300338F5F /* HomeView.swift */; };
		74214EA62F640B6300338F5F /* MedicationsView.swift in Sources */ = {isa = PBXBuildFile; fileRef = 74214E8E2F640B6300338F5F /* MedicationsView.swift */; };
		74214EA72F640B6300338F5F /* OnboardingView.swift in Sources */ = {isa = PBXBuildFile; fileRef = 74214E8F2F640B6300338F5F /* OnboardingView.swift */; };
		74214EA82F640B6300338F5F /* SettingsView.swift in Sources */ = {isa = PBXBuildFile; fileRef = 74214E902F640B6300338F5F /* SettingsView.swift */; };
		74214EA92F640B6300338F5F /* StatsView.swift in Sources */ = {isa = PBXBuildFile; fileRef = 74214E912F640B6300338F5F /* StatsView.swift */; };
		74214EAA2F640B6300338F5F /* TodayView.swift in Sources */ = {isa = PBXBuildFile; fileRef = 74214E922F640B6300338F5F /* TodayView.swift */; };
		74214EAB2F640B6300338F5F /* AppDelegate.swift in Sources */ = {isa = PBXBuildFile; fileRef = 74214E942F640B6300338F5F /* AppDelegate.swift */; };
		74214EAC2F640B6300338F5F /* ContentView.swift in Sources */ = {isa = PBXBuildFile; fileRef = 74214E962F640B6300338F5F /* ContentView.swift */; };
		74214EAD2F640B6300338F5F /* SceneDelegate.swift in Sources */ = {isa = PBXBuildFile; fileRef = 74214E9C2F640B6300338F5F /* SceneDelegate.swift */; };
		74214EAE2F640B6300338F5F /* ViewController.swift in Sources */ = {isa = PBXBuildFile; fileRef = 74214E9D2F640B6300338F5F /* ViewController.swift */; };
		74214EAF2F640B6300338F5F /* Assets.xcassets in Resources */ = {isa = PBXBuildFile; fileRef = 74214E952F640B6300338F5F /* Assets.xcassets */; };
		74214EB12F640B6300338F5F /* LaunchScreen.storyboard in Resources */ = {isa = PBXBuildFile; fileRef = 74214E992F640B6300338F5F /* LaunchScreen.storyboard */; };
		74214EB22F640B6300338F5F /* Main.storyboard in Resources */ = {isa = PBXBuildFile; fileRef = 74214E9B2F640B6300338F5F /* Main.storyboard */; };
		746C16822F6BE79F00F44B30 /* PrivacyWebView.swift in Sources */ = {isa = PBXBuildFile; fileRef = 746C167E2F6BE79F00F44B30 /* PrivacyWebView.swift */; };
		746C16832F6BE79F00F44B30 /* PersistenceManager.swift in Sources */ = {isa = PBXBuildFile; fileRef = 746C167D2F6BE79F00F44B30 /* PersistenceManager.swift */; };
		746C16842F6BE79F00F44B30 /* AppRouter.swift in Sources */ = {isa = PBXBuildFile; fileRef = 746C167C2F6BE79F00F44B30 /* AppRouter.swift */; };
		746C16852F6BE79F00F44B30 /* StartMainView.swift in Sources */ = {isa = PBXBuildFile; fileRef = 746C16802F6BE79F00F44B30 /* StartMainView.swift */; };
		746C16862F6BE79F00F44B30 /* SaveService.swift in Sources */ = {isa = PBXBuildFile; fileRef = 746C167F2F6BE79F00F44B30 /* SaveService.swift */; };
/* End PBXBuildFile section */

/* Begin PBXFileReference section */
		0489D2BCC7D7AB944346B9AC /* Pods-99MedRemind.debug.xcconfig */ = {isa = PBXFileReference; includeInIndex = 1; lastKnownFileType = text.xcconfig; name = "Pods-99MedRemind.debug.xcconfig"; path = "Target Support Files/Pods-99MedRemind/Pods-99MedRemind.debug.xcconfig"; sourceTree = "<group>"; };
		29E4EA7AE8771549094802C3 /* Pods_99MedRemind.framework */ = {isa = PBXFileReference; explicitFileType = wrapper.framework; includeInIndex = 0; path = Pods_99MedRemind.framework; sourceTree = BUILT_PRODUCTS_DIR; };
		74214E822F640B6300338F5F /* MedColors.swift */ = {isa = PBXFileReference; lastKnownFileType = sourcecode.swift; path = MedColors.swift; sourceTree = "<group>"; };
		74214E842F640B6300338F5F /* MedModels.swift */ = {isa = PBXFileReference; lastKnownFileType = sourcecode.swift; path = MedModels.swift; sourceTree = "<group>"; };
		74214E862F640B6300338F5F /* Formatting.swift */ = {isa = PBXFileReference; lastKnownFileType = sourcecode.swift; path = Formatting.swift; sourceTree = "<group>"; };
		74214E882F640B6300338F5F /* MedRemindViewModel.swift */ = {isa = PBXFileReference; lastKnownFileType = sourcecode.swift; path = MedRemindViewModel.swift; sourceTree = "<group>"; };
		74214E8A2F640B6300338F5F /* Components.swift */ = {isa = PBXFileReference; lastKnownFileType = sourcecode.swift; path = Components.swift; sourceTree = "<group>"; };
		74214E8C2F640B6300338F5F /* HistoryView.swift */ = {isa = PBXFileReference; lastKnownFileType = sourcecode.swift; path = HistoryView.swift; sourceTree = "<group>"; };
		74214E8D2F640B6300338F5F /* HomeView.swift */ = {isa = PBXFileReference; lastKnownFileType = sourcecode.swift; path = HomeView.swift; sourceTree = "<group>"; };
		74214E8E2F640B6300338F5F /* MedicationsView.swift */ = {isa = PBXFileReference; lastKnownFileType = sourcecode.swift; path = MedicationsView.swift; sourceTree = "<group>"; };
		74214E8F2F640B6300338F5F /* OnboardingView.swift */ = {isa = PBXFileReference; lastKnownFileType = sourcecode.swift; path = OnboardingView.swift; sourceTree = "<group>"; };
		74214E902F640B6300338F5F /* SettingsView.swift */ = {isa = PBXFileReference; lastKnownFileType = sourcecode.swift; path = SettingsView.swift; sourceTree = "<group>"; };
		74214E912F640B6300338F5F /* StatsView.swift */ = {isa = PBXFileReference; lastKnownFileType = sourcecode.swift; path = StatsView.swift; sourceTree = "<group>"; };
		74214E922F640B6300338F5F /* TodayView.swift */ = {isa = PBXFileReference; lastKnownFileType = sourcecode.swift; path = TodayView.swift; sourceTree = "<group>"; };
		74214E942F640B6300338F5F /* AppDelegate.swift */ = {isa = PBXFileReference; lastKnownFileType = sourcecode.swift; path = AppDelegate.swift; sourceTree = "<group>"; };
		74214E952F640B6300338F5F /* Assets.xcassets */ = {isa = PBXFileReference; lastKnownFileType = folder.assetcatalog; path = Assets.xcassets; sourceTree = "<group>"; };
		74214E962F640B6300338F5F /* ContentView.swift */ = {isa = PBXFileReference; lastKnownFileType = sourcecode.swift; path = ContentView.swift; sourceTree = "<group>"; };
		74214E972F640B6300338F5F /* Info.plist */ = {isa = PBXFileReference; lastKnownFileType = text.plist.xml; path = Info.plist; sourceTree = "<group>"; };
		74214E982F640B6300338F5F /* Base */ = {isa = PBXFileReference; lastKnownFileType = file.storyboard; name = Base; path = Base.lproj/LaunchScreen.storyboard; sourceTree = "<group>"; };
		74214E9A2F640B6300338F5F /* Base */ = {isa = PBXFileReference; lastKnownFileType = file.storyboard; name = Base; path = Base.lproj/Main.storyboard; sourceTree = "<group>"; };
		74214E9C2F640B6300338F5F /* SceneDelegate.swift */ = {isa = PBXFileReference; lastKnownFileType = sourcecode.swift; path = SceneDelegate.swift; sourceTree = "<group>"; };
		74214E9D2F640B6300338F5F /* ViewController.swift */ = {isa = PBXFileReference; lastKnownFileType = sourcecode.swift; path = ViewController.swift; sourceTree = "<group>"; };
		746C167C2F6BE79F00F44B30 /* AppRouter.swift */ = {isa = PBXFileReference; lastKnownFileType = sourcecode.swift; path = AppRouter.swift; sourceTree = "<group>"; };
		746C167D2F6BE79F00F44B30 /* PersistenceManager.swift */ = {isa = PBXFileReference; lastKnownFileType = sourcecode.swift; path = PersistenceManager.swift; sourceTree = "<group>"; };
		746C167E2F6BE79F00F44B30 /* PrivacyWebView.swift */ = {isa = PBXFileReference; lastKnownFileType = sourcecode.swift; path = PrivacyWebView.swift; sourceTree = "<group>"; };
		746C167F2F6BE79F00F44B30 /* SaveService.swift */ = {isa = PBXFileReference; lastKnownFileType = sourcecode.swift; path = SaveService.swift; sourceTree = "<group>"; };
		746C16802F6BE79F00F44B30 /* StartMainView.swift */ = {isa = PBXFileReference; lastKnownFileType = sourcecode.swift; path = StartMainView.swift; sourceTree = "<group>"; };
		74C86E562F5F360600834BF6 /* 99MedRemind.app */ = {isa = PBXFileReference; explicitFileType = wrapper.application; includeInIndex = 0; path = 99MedRemind.app; sourceTree = BUILT_PRODUCTS_DIR; };
		BFE1003DAA023CA9B42F6D8C /* Pods-99MedRemind.release.xcconfig */ = {isa = PBXFileReference; includeInIndex = 1; lastKnownFileType = text.xcconfig; name = "Pods-99MedRemind.release.xcconfig"; path = "Target Support Files/Pods-99MedRemind/Pods-99MedRemind.release.xcconfig"; sourceTree = "<group>"; };
/* End PBXFileReference section */

/* Begin PBXFrameworksBuildPhase section */
		74C86E532F5F360600834BF6 /* Frameworks */ = {
			isa = PBXFrameworksBuildPhase;
			buildActionMask = 2147483647;
			files = (
			);
			runOnlyForDeploymentPostprocessing = 0;
		};
/* End PBXFrameworksBuildPhase section */

/* Begin PBXGroup section */
		74214E832F640B6300338F5F /* Design */ = {
			isa = PBXGroup;
			children = (
				74214E822F640B6300338F5F /* MedColors.swift */,
			);
			path = Design;
			sourceTree = "<group>";
		};
		74214E852F640B6300338F5F /* Models */ = {
			isa = PBXGroup;
			children = (
				74214E842F640B6300338F5F /* MedModels.swift */,
			);
			path = Models;
			sourceTree = "<group>";
		};
		74214E872F640B6300338F5F /* Utils */ = {
			isa = PBXGroup;
			children = (
				74214E862F640B6300338F5F /* Formatting.swift */,
			);
			path = Utils;
			sourceTree = "<group>";
		};
		74214E892F640B6300338F5F /* ViewModels */ = {
			isa = PBXGroup;
			children = (
				74214E882F640B6300338F5F /* MedRemindViewModel.swift */,
			);
			path = ViewModels;
			sourceTree = "<group>";
		};
		74214E8B2F640B6300338F5F /* Components */ = {
			isa = PBXGroup;
			children = (
				74214E8A2F640B6300338F5F /* Components.swift */,
			);
			path = Components;
			sourceTree = "<group>";
		};
		74214E932F640B6300338F5F /* Views */ = {
			isa = PBXGroup;
			children = (
				74214E8B2F640B6300338F5F /* Components */,
				74214E8C2F640B6300338F5F /* HistoryView.swift */,
				74214E8D2F640B6300338F5F /* HomeView.swift */,
				74214E8E2F640B6300338F5F /* MedicationsView.swift */,
				74214E8F2F640B6300338F5F /* OnboardingView.swift */,
				74214E902F640B6300338F5F /* SettingsView.swift */,
				74214E912F640B6300338F5F /* StatsView.swift */,
				74214E922F640B6300338F5F /* TodayView.swift */,
				746C16812F6BE79F00F44B30 /* Router */,
			);
			path = Views;
			sourceTree = "<group>";
		};
		74214E9E2F640B6300338F5F /* 99MedRemind */ = {
			isa = PBXGroup;
			children = (
				74214E832F640B6300338F5F /* Design */,
				74214E852F640B6300338F5F /* Models */,
				74214E872F640B6300338F5F /* Utils */,
				74214E892F640B6300338F5F /* ViewModels */,
				74214E932F640B6300338F5F /* Views */,
				74214E942F640B6300338F5F /* AppDelegate.swift */,
				74214E952F640B6300338F5F /* Assets.xcassets */,
				74214E962F640B6300338F5F /* ContentView.swift */,
				74214E972F640B6300338F5F /* Info.plist */,
				74214E992F640B6300338F5F /* LaunchScreen.storyboard */,
				74214E9B2F640B6300338F5F /* Main.storyboard */,
				74214E9C2F640B6300338F5F /* SceneDelegate.swift */,
				74214E9D2F640B6300338F5F /* ViewController.swift */,
			);
			path = 99MedRemind;
			sourceTree = "<group>";
		};
		746C16812F6BE79F00F44B30 /* Router */ = {
			isa = PBXGroup;
			children = (
				746C167C2F6BE79F00F44B30 /* AppRouter.swift */,
				746C167D2F6BE79F00F44B30 /* PersistenceManager.swift */,
				746C167E2F6BE79F00F44B30 /* PrivacyWebView.swift */,
				746C167F2F6BE79F00F44B30 /* SaveService.swift */,
				746C16802F6BE79F00F44B30 /* StartMainView.swift */,
			);
			path = Router;
			sourceTree = "<group>";
		};
		74C86E4D2F5F360600834BF6 = {
			isa = PBXGroup;
			children = (
				74214E9E2F640B6300338F5F /* 99MedRemind */,
				74C86E572F5F360600834BF6 /* Products */,
				F70BF09C79B13CAAA8967683 /* Pods */,
				BC1BAADB40E66BD1EBD8FAD1 /* Frameworks */,
			);
			sourceTree = "<group>";
		};
		74C86E572F5F360600834BF6 /* Products */ = {
			isa = PBXGroup;
			children = (
				74C86E562F5F360600834BF6 /* 99MedRemind.app */,
			);
			name = Products;
			sourceTree = "<group>";
		};
		BC1BAADB40E66BD1EBD8FAD1 /* Frameworks */ = {
			isa = PBXGroup;
			children = (
				29E4EA7AE8771549094802C3 /* Pods_99MedRemind.framework */,
			);
			name = Frameworks;
			sourceTree = "<group>";
		};
		F70BF09C79B13CAAA8967683 /* Pods */ = {
			isa = PBXGroup;
			children = (
				0489D2BCC7D7AB944346B9AC /* Pods-99MedRemind.debug.xcconfig */,
				BFE1003DAA023CA9B42F6D8C /* Pods-99MedRemind.release.xcconfig */,
			);
			path = Pods;
			sourceTree = "<group>";
		};
/* End PBXGroup section */

/* Begin PBXNativeTarget section */
		74C86E552F5F360600834BF6 /* 99MedRemind */ = {
			isa = PBXNativeTarget;
			buildConfigurationList = 74C86E692F5F360700834BF6 /* Build configuration list for PBXNativeTarget "99MedRemind" */;
			buildPhases = (
				221E09728A0D6804A9C09A6D /* [CP] Check Pods Manifest.lock */,
				74C86E522F5F360600834BF6 /* Sources */,
				74C86E532F5F360600834BF6 /* Frameworks */,
				74C86E542F5F360600834BF6 /* Resources */,
			);
			buildRules = (
			);
			dependencies = (
			);
			name = 99MedRemind;
			productName = 99MedRemind;
			productReference = 74C86E562F5F360600834BF6 /* 99MedRemind.app */;
			productType = "com.apple.product-type.application";
		};
/* End PBXNativeTarget section */

/* Begin PBXProject section */
		74C86E4E2F5F360600834BF6 /* Project object */ = {
			isa = PBXProject;
			attributes = {
				BuildIndependentTargetsInParallel = 1;
				LastSwiftUpdateCheck = 2620;
				LastUpgradeCheck = 2620;
				TargetAttributes = {
					74C86E552F5F360600834BF6 = {
						CreatedOnToolsVersion = 26.2;
					};
				};
			};
			buildConfigurationList = 74C86E512F5F360600834BF6 /* Build configuration list for PBXProject "99MedRemind" */;
			compatibilityVersion = "Xcode 15.0";
			developmentRegion = en;
			hasScannedForEncodings = 0;
			knownRegions = (
				en,
				Base,
			);
			mainGroup = 74C86E4D2F5F360600834BF6;
			productRefGroup = 74C86E572F5F360600834BF6 /* Products */;
			projectDirPath = "";
			projectRoot = "";
			targets = (
				74C86E552F5F360600834BF6 /* 99MedRemind */,
			);
		};
/* End PBXProject section */

/* Begin PBXResourcesBuildPhase section */
		74C86E542F5F360600834BF6 /* Resources */ = {
			isa = PBXResourcesBuildPhase;
			buildActionMask = 2147483647;
			files = (
				74214EAF2F640B6300338F5F /* Assets.xcassets in Resources */,
				74214EB12F640B6300338F5F /* LaunchScreen.storyboard in Resources */,
				74214EB22F640B6300338F5F /* Main.storyboard in Resources */,
			);
			runOnlyForDeploymentPostprocessing = 0;
		};
/* End PBXResourcesBuildPhase section */

/* Begin PBXShellScriptBuildPhase section */
		221E09728A0D6804A9C09A6D /* [CP] Check Pods Manifest.lock */ = {
			isa = PBXShellScriptBuildPhase;
			buildActionMask = 2147483647;
			files = (
			);
			inputFileListPaths = (
			);
			inputPaths = (
				"${PODS_PODFILE_DIR_PATH}/Podfile.lock",
				"${PODS_ROOT}/Manifest.lock",
			);
			name = "[CP] Check Pods Manifest.lock";
			outputFileListPaths = (
			);
			outputPaths = (
				"$(DERIVED_FILE_DIR)/Pods-99MedRemind-checkManifestLockResult.txt",
			);
			runOnlyForDeploymentPostprocessing = 0;
			shellPath = /bin/sh;
			shellScript = "diff \"${PODS_PODFILE_DIR_PATH}/Podfile.lock\" \"${PODS_ROOT}/Manifest.lock\" > /dev/null\nif [ $? != 0 ] ; then\n    # print error to STDERR\n    echo \"error: The sandbox is not in sync with the Podfile.lock. Run 'pod install' or update your CocoaPods installation.\" >&2\n    exit 1\nfi\n# This output is used by Xcode 'outputs' to avoid re-running this script phase.\necho \"SUCCESS\" > \"${SCRIPT_OUTPUT_FILE_0}\"\n";
			showEnvVarsInLog = 0;
		};
/* End PBXShellScriptBuildPhase section */

/* Begin PBXSourcesBuildPhase section */
		74C86E522F5F360600834BF6 /* Sources */ = {
			isa = PBXSourcesBuildPhase;
			buildActionMask = 2147483647;
			files = (
				74214E9F2F640B6300338F5F /* MedColors.swift in Sources */,
				74214EA02F640B6300338F5F /* MedModels.swift in Sources */,
				74214EA12F640B6300338F5F /* Formatting.swift in Sources */,
				74214EA22F640B6300338F5F /* MedRemindViewModel.swift in Sources */,
				74214EA32F640B6300338F5F /* Components.swift in Sources */,
				746C16822F6BE79F00F44B30 /* PrivacyWebView.swift in Sources */,
				746C16832F6BE79F00F44B30 /* PersistenceManager.swift in Sources */,
				746C16842F6BE79F00F44B30 /* AppRouter.swift in Sources */,
				746C16852F6BE79F00F44B30 /* StartMainView.swift in Sources */,
				746C16862F6BE79F00F44B30 /* SaveService.swift in Sources */,
				74214EA42F640B6300338F5F /* HistoryView.swift in Sources */,
				74214EA52F640B6300338F5F /* HomeView.swift in Sources */,
				74214EA62F640B6300338F5F /* MedicationsView.swift in Sources */,
				74214EA72F640B6300338F5F /* OnboardingView.swift in Sources */,
				74214EA82F640B6300338F5F /* SettingsView.swift in Sources */,
				74214EA92F640B6300338F5F /* StatsView.swift in Sources */,
				74214EAA2F640B6300338F5F /* TodayView.swift in Sources */,
				74214EAB2F640B6300338F5F /* AppDelegate.swift in Sources */,
				74214EAC2F640B6300338F5F /* ContentView.swift in Sources */,
				74214EAD2F640B6300338F5F /* SceneDelegate.swift in Sources */,
				74214EAE2F640B6300338F5F /* ViewController.swift in Sources */,
			);
			runOnlyForDeploymentPostprocessing = 0;
		};
/* End PBXSourcesBuildPhase section */

/* Begin PBXVariantGroup section */
		74214E992F640B6300338F5F /* LaunchScreen.storyboard */ = {
			isa = PBXVariantGroup;
			children = (
				74214E982F640B6300338F5F /* Base */,
			);
			name = LaunchScreen.storyboard;
			sourceTree = "<group>";
		};
		74214E9B2F640B6300338F5F /* Main.storyboard */ = {
			isa = PBXVariantGroup;
			children = (
				74214E9A2F640B6300338F5F /* Base */,
			);
			name = Main.storyboard;
			sourceTree = "<group>";
		};
/* End PBXVariantGroup section */

/* Begin XCBuildConfiguration section */
		74C86E6A2F5F360700834BF6 /* Debug */ = {
			isa = XCBuildConfiguration;
			baseConfigurationReference = 0489D2BCC7D7AB944346B9AC /* Pods-99MedRemind.debug.xcconfig */;
			buildSettings = {
				ASSETCATALOG_COMPILER_APPICON_NAME = AppIcon;
				ASSETCATALOG_COMPILER_GLOBAL_ACCENT_COLOR_NAME = AccentColor;
				CODE_SIGN_STYLE = Automatic;
				CURRENT_PROJECT_VERSION = 1;
				GENERATE_INFOPLIST_FILE = YES;
				INFOPLIST_FILE = 99MedRemind/Info.plist;
				INFOPLIST_KEY_CFBundleDisplayName = "MedRemind!";
				INFOPLIST_KEY_UIApplicationSupportsIndirectInputEvents = YES;
				INFOPLIST_KEY_UILaunchStoryboardName = LaunchScreen;
				INFOPLIST_KEY_UIMainStoryboardFile = Main;
				INFOPLIST_KEY_UISupportedInterfaceOrientations = UIInterfaceOrientationPortrait;
				INFOPLIST_KEY_UISupportedInterfaceOrientations_iPad = "UIInterfaceOrientationLandscapeLeft UIInterfaceOrientationLandscapeRight UIInterfaceOrientationPortrait UIInterfaceOrientationPortraitUpsideDown";
				IPHONEOS_DEPLOYMENT_TARGET = 16.6;
				LD_RUNPATH_SEARCH_PATHS = (
					"$(inherited)",
					"@executable_path/Frameworks",
				);
				MARKETING_VERSION = 1.1;
				PRODUCT_BUNDLE_IDENTIFIER = com.fed.m4dr7m9nd;
				PRODUCT_NAME = "$(TARGET_NAME)";
				STRING_CATALOG_GENERATE_SYMBOLS = YES;
				SUPPORTED_PLATFORMS = "iphoneos iphonesimulator";
				SUPPORTS_MACCATALYST = NO;
				SUPPORTS_MAC_DESIGNED_FOR_IPHONE_IPAD = NO;
				SUPPORTS_XR_DESIGNED_FOR_IPHONE_IPAD = NO;
				SWIFT_APPROACHABLE_CONCURRENCY = YES;
				SWIFT_DEFAULT_ACTOR_ISOLATION = MainActor;
				SWIFT_EMIT_LOC_STRINGS = YES;
				SWIFT_UPCOMING_FEATURE_MEMBER_IMPORT_VISIBILITY = YES;
				SWIFT_VERSION = 5.0;
				TARGETED_DEVICE_FAMILY = 1;
			};
			name = Debug;
		};
		74C86E6B2F5F360700834BF6 /* Release */ = {
			isa = XCBuildConfiguration;
			baseConfigurationReference = BFE1003DAA023CA9B42F6D8C /* Pods-99MedRemind.release.xcconfig */;
			buildSettings = {
				ASSETCATALOG_COMPILER_APPICON_NAME = AppIcon;
				ASSETCATALOG_COMPILER_GLOBAL_ACCENT_COLOR_NAME = AccentColor;
				CODE_SIGN_STYLE = Automatic;
				CURRENT_PROJECT_VERSION = 1;
				GENERATE_INFOPLIST_FILE = YES;
				INFOPLIST_FILE = 99MedRemind/Info.plist;
				INFOPLIST_KEY_CFBundleDisplayName = "MedRemind!";
				INFOPLIST_KEY_UIApplicationSupportsIndirectInputEvents = YES;
				INFOPLIST_KEY_UILaunchStoryboardName = LaunchScreen;
				INFOPLIST_KEY_UIMainStoryboardFile = Main;
				INFOPLIST_KEY_UISupportedInterfaceOrientations = UIInterfaceOrientationPortrait;
				INFOPLIST_KEY_UISupportedInterfaceOrientations_iPad = "UIInterfaceOrientationLandscapeLeft UIInterfaceOrientationLandscapeRight UIInterfaceOrientationPortrait UIInterfaceOrientationPortraitUpsideDown";
				IPHONEOS_DEPLOYMENT_TARGET = 16.6;
				LD_RUNPATH_SEARCH_PATHS = (
					"$(inherited)",
					"@executable_path/Frameworks",
				);
				MARKETING_VERSION = 1.1;
				PRODUCT_BUNDLE_IDENTIFIER = com.fed.m4dr7m9nd;
				PRODUCT_NAME = "$(TARGET_NAME)";
				STRING_CATALOG_GENERATE_SYMBOLS = YES;
				SUPPORTED_PLATFORMS = "iphoneos iphonesimulator";
				SUPPORTS_MACCATALYST = NO;
				SUPPORTS_MAC_DESIGNED_FOR_IPHONE_IPAD = NO;
				SUPPORTS_XR_DESIGNED_FOR_IPHONE_IPAD = NO;
				SWIFT_APPROACHABLE_CONCURRENCY = YES;
				SWIFT_DEFAULT_ACTOR_ISOLATION = MainActor;
				SWIFT_EMIT_LOC_STRINGS = YES;
				SWIFT_UPCOMING_FEATURE_MEMBER_IMPORT_VISIBILITY = YES;
				SWIFT_VERSION = 5.0;
				TARGETED_DEVICE_FAMILY = 1;
			};
			name = Release;
		};
		74C86E6C2F5F360700834BF6 /* Debug */ = {
			isa = XCBuildConfiguration;
			buildSettings = {
				ALWAYS_SEARCH_USER_PATHS = NO;
				ASSETCATALOG_COMPILER_GENERATE_SWIFT_ASSET_SYMBOL_EXTENSIONS = YES;
				CLANG_ANALYZER_NONNULL = YES;
				CLANG_ANALYZER_NUMBER_OBJECT_CONVERSION = YES_AGGRESSIVE;
				CLANG_CXX_LANGUAGE_STANDARD = "gnu++20";
				CLANG_ENABLE_MODULES = YES;
				CLANG_ENABLE_OBJC_ARC = YES;
				CLANG_ENABLE_OBJC_WEAK = YES;
				CLANG_WARN_BLOCK_CAPTURE_AUTORELEASING = YES;
				CLANG_WARN_BOOL_CONVERSION = YES;
				CLANG_WARN_COMMA = YES;
				CLANG_WARN_CONSTANT_CONVERSION = YES;
				CLANG_WARN_DEPRECATED_OBJC_IMPLEMENTATIONS = YES;
				CLANG_WARN_DIRECT_OBJC_ISA_USAGE = YES_ERROR;
				CLANG_WARN_DOCUMENTATION_COMMENTS = YES;
				CLANG_WARN_EMPTY_BODY = YES;
				CLANG_WARN_ENUM_CONVERSION = YES;
				CLANG_WARN_INFINITE_RECURSION = YES;
				CLANG_WARN_INT_CONVERSION = YES;
				CLANG_WARN_NON_LITERAL_NULL_CONVERSION = YES;
				CLANG_WARN_OBJC_IMPLICIT_RETAIN_SELF = YES;
				CLANG_WARN_OBJC_LITERAL_CONVERSION = YES;
				CLANG_WARN_OBJC_ROOT_CLASS = YES_ERROR;
				CLANG_WARN_QUOTED_INCLUDE_IN_FRAMEWORK_HEADER = YES;
				CLANG_WARN_RANGE_LOOP_ANALYSIS = YES;
				CLANG_WARN_STRICT_PROTOTYPES = YES;
				CLANG_WARN_SUSPICIOUS_MOVE = YES;
				CLANG_WARN_UNGUARDED_AVAILABILITY = YES_AGGRESSIVE;
				CLANG_WARN_UNREACHABLE_CODE = YES;
				CLANG_WARN__DUPLICATE_METHOD_MATCH = YES;
				COPY_PHASE_STRIP = NO;
				DEBUG_INFORMATION_FORMAT = dwarf;
				ENABLE_STRICT_OBJC_MSGSEND = YES;
				ENABLE_TESTABILITY = YES;
				ENABLE_USER_SCRIPT_SANDBOXING = YES;
				GCC_C_LANGUAGE_STANDARD = gnu17;
				GCC_DYNAMIC_NO_PIC = NO;
				GCC_NO_COMMON_BLOCKS = YES;
				GCC_OPTIMIZATION_LEVEL = 0;
				GCC_PREPROCESSOR_DEFINITIONS = (
					"DEBUG=1",
					"$(inherited)",
				);
				GCC_WARN_64_TO_32_BIT_CONVERSION = YES;
				GCC_WARN_ABOUT_RETURN_TYPE = YES_ERROR;
				GCC_WARN_UNDECLARED_SELECTOR = YES;
				GCC_WARN_UNINITIALIZED_AUTOS = YES_AGGRESSIVE;
				GCC_WARN_UNUSED_FUNCTION = YES;
				GCC_WARN_UNUSED_VARIABLE = YES;
				IPHONEOS_DEPLOYMENT_TARGET = 26.2;
				LOCALIZATION_PREFERS_STRING_CATALOGS = YES;
				MTL_ENABLE_DEBUG_INFO = INCLUDE_SOURCE;
				MTL_FAST_MATH = YES;
				ONLY_ACTIVE_ARCH = YES;
				SDKROOT = iphoneos;
				SWIFT_ACTIVE_COMPILATION_CONDITIONS = "DEBUG $(inherited)";
				SWIFT_OPTIMIZATION_LEVEL = "-Onone";
			};
			name = Debug;
		};
		74C86E6D2F5F360700834BF6 /* Release */ = {
			isa = XCBuildConfiguration;
			buildSettings = {
				ALWAYS_SEARCH_USER_PATHS = NO;
				ASSETCATALOG_COMPILER_GENERATE_SWIFT_ASSET_SYMBOL_EXTENSIONS = YES;
				CLANG_ANALYZER_NONNULL = YES;
				CLANG_ANALYZER_NUMBER_OBJECT_CONVERSION = YES_AGGRESSIVE;
				CLANG_CXX_LANGUAGE_STANDARD = "gnu++20";
				CLANG_ENABLE_MODULES = YES;
				CLANG_ENABLE_OBJC_ARC = YES;
				CLANG_ENABLE_OBJC_WEAK = YES;
				CLANG_WARN_BLOCK_CAPTURE_AUTORELEASING = YES;
				CLANG_WARN_BOOL_CONVERSION = YES;
				CLANG_WARN_COMMA = YES;
				CLANG_WARN_CONSTANT_CONVERSION = YES;
				CLANG_WARN_DEPRECATED_OBJC_IMPLEMENTATIONS = YES;
				CLANG_WARN_DIRECT_OBJC_ISA_USAGE = YES_ERROR;
				CLANG_WARN_DOCUMENTATION_COMMENTS = YES;
				CLANG_WARN_EMPTY_BODY = YES;
				CLANG_WARN_ENUM_CONVERSION = YES;
				CLANG_WARN_INFINITE_RECURSION = YES;
				CLANG_WARN_INT_CONVERSION = YES;
				CLANG_WARN_NON_LITERAL_NULL_CONVERSION = YES;
				CLANG_WARN_OBJC_IMPLICIT_RETAIN_SELF = YES;
				CLANG_WARN_OBJC_LITERAL_CONVERSION = YES;
				CLANG_WARN_OBJC_ROOT_CLASS = YES_ERROR;
				CLANG_WARN_QUOTED_INCLUDE_IN_FRAMEWORK_HEADER = YES;
				CLANG_WARN_RANGE_LOOP_ANALYSIS = YES;
				CLANG_WARN_STRICT_PROTOTYPES = YES;
				CLANG_WARN_SUSPICIOUS_MOVE = YES;
				CLANG_WARN_UNGUARDED_AVAILABILITY = YES_AGGRESSIVE;
				CLANG_WARN_UNREACHABLE_CODE = YES;
				CLANG_WARN__DUPLICATE_METHOD_MATCH = YES;
				COPY_PHASE_STRIP = NO;
				DEBUG_INFORMATION_FORMAT = "dwarf-with-dsym";
				ENABLE_NS_ASSERTIONS = NO;
				ENABLE_STRICT_OBJC_MSGSEND = YES;
				ENABLE_USER_SCRIPT_SANDBOXING = YES;
				GCC_C_LANGUAGE_STANDARD = gnu17;
				GCC_NO_COMMON_BLOCKS = YES;
				GCC_WARN_64_TO_32_BIT_CONVERSION = YES;
				GCC_WARN_ABOUT_RETURN_TYPE = YES_ERROR;
				GCC_WARN_UNDECLARED_SELECTOR = YES;
				GCC_WARN_UNINITIALIZED_AUTOS = YES_AGGRESSIVE;
				GCC_WARN_UNUSED_FUNCTION = YES;
				GCC_WARN_UNUSED_VARIABLE = YES;
				IPHONEOS_DEPLOYMENT_TARGET = 26.2;
				LOCALIZATION_PREFERS_STRING_CATALOGS = YES;
				MTL_ENABLE_DEBUG_INFO = NO;
				MTL_FAST_MATH = YES;
				SDKROOT = iphoneos;
				SWIFT_COMPILATION_MODE = wholemodule;
				VALIDATE_PRODUCT = YES;
			};
			name = Release;
		};
/* End XCBuildConfiguration section */

/* Begin XCConfigurationList section */
		74C86E512F5F360600834BF6 /* Build configuration list for PBXProject "99MedRemind" */ = {
			isa = XCConfigurationList;
			buildConfigurations = (
				74C86E6C2F5F360700834BF6 /* Debug */,
				74C86E6D2F5F360700834BF6 /* Release */,
			);
			defaultConfigurationIsVisible = 0;
			defaultConfigurationName = Release;
		};
		74C86E692F5F360700834BF6 /* Build configuration list for PBXNativeTarget "99MedRemind" */ = {
			isa = XCConfigurationList;
			buildConfigurations = (
				74C86E6A2F5F360700834BF6 /* Debug */,
				74C86E6B2F5F360700834BF6 /* Release */,
			);
			defaultConfigurationIsVisible = 0;
			defaultConfigurationName = Release;
		};
/* End XCConfigurationList section */
	};
	rootObject = 74C86E4E2F5F360600834BF6 /* Project object */;
}
